// !$*UTF8*$!
{
	archiveVersion = 1;
	classes = {
	};
	objectVersion = 48;
	objects = {

/* Begin PBXBuildFile section */
		4AAE1B2FE331A7A306AA7973 /* Pods_V2EX_DemoTests.framework in Frameworks */ = {isa = PBXBuildFile; fileRef = 48D510F5C6950DC793E9DB5E /* Pods_V2EX_DemoTests.framework */; };
		524BB76191750FB881DFD13D /* Pods_V2EX_DemoUITests.framework in Frameworks */ = {isa = PBXBuildFile; fileRef = 066DEDA095D0E6EA3DC7D94F /* Pods_V2EX_DemoUITests.framework */; };
		A7AF99632078993300E243E6 /* AppDelegate.swift in Sources */ = {isa = PBXBuildFile; fileRef = A7AF99622078993300E243E6 /* AppDelegate.swift */; };
		A7AF99652078993300E243E6 /* ViewController.swift in Sources */ = {isa = PBXBuildFile; fileRef = A7AF99642078993300E243E6 /* ViewController.swift */; };
		A7AF99682078993300E243E6 /* Main.storyboard in Resources */ = {isa = PBXBuildFile; fileRef = A7AF99662078993300E243E6 /* Main.storyboard */; };
		A7AF996A2078993300E243E6 /* Assets.xcassets in Resources */ = {isa = PBXBuildFile; fileRef = A7AF99692078993300E243E6 /* Assets.xcassets */; };
		A7AF996D2078993300E243E6 /* LaunchScreen.storyboard in Resources */ = {isa = PBXBuildFile; fileRef = A7AF996B2078993300E243E6 /* LaunchScreen.storyboard */; };
		A7AF99782078993300E243E6 /* V2EX_DemoTests.swift in Sources */ = {isa = PBXBuildFile; fileRef = A7AF99772078993300E243E6 /* V2EX_DemoTests.swift */; };
		A7AF99832078993300E243E6 /* V2EX_DemoUITests.swift in Sources */ = {isa = PBXBuildFile; fileRef = A7AF99822078993300E243E6 /* V2EX_DemoUITests.swift */; };
		A7AF99912078996700E243E6 /* V2EXRequest.swift in Sources */ = {isa = PBXBuildFile; fileRef = A7AF99902078996700E243E6 /* V2EXRequest.swift */; };
		A7AF99992078B7E100E243E6 /* libc++abi.tbd in Frameworks */ = {isa = PBXBuildFile; fileRef = A7AF99982078B7E000E243E6 /* libc++abi.tbd */; };
		A7AF99D52078D2F100E243E6 /* DisplayCell.swift in Sources */ = {isa = PBXBuildFile; fileRef = A7AF99D42078D2F100E243E6 /* DisplayCell.swift */; };
		A7AF99D72079A5EB00E243E6 /* RequestModel.swift in Sources */ = {isa = PBXBuildFile; fileRef = A7AF99D62079A5EB00E243E6 /* RequestModel.swift */; };
		A7AF9A802079A82700E243E6 /* CustomDateFormatTransform.swift in Sources */ = {isa = PBXBuildFile; fileRef = A7AF9A672079A82700E243E6 /* CustomDateFormatTransform.swift */; };
		A7AF9A812079A82700E243E6 /* DataTransform.swift in Sources */ = {isa = PBXBuildFile; fileRef = A7AF9A682079A82700E243E6 /* DataTransform.swift */; };
		A7AF9A822079A82700E243E6 /* DateFormatterTransform.swift in Sources */ = {isa = PBXBuildFile; fileRef = A7AF9A692079A82700E243E6 /* DateFormatterTransform.swift */; };
		A7AF9A832079A82700E243E6 /* DateTransform.swift in Sources */ = {isa = PBXBuildFile; fileRef = A7AF9A6A2079A82700E243E6 /* DateTransform.swift */; };
		A7AF9A842079A82700E243E6 /* DictionaryTransform.swift in Sources */ = {isa = PBXBuildFile; fileRef = A7AF9A6B2079A82700E243E6 /* DictionaryTransform.swift */; };
		A7AF9A852079A82700E243E6 /* EnumOperators.swift in Sources */ = {isa = PBXBuildFile; fileRef = A7AF9A6C2079A82700E243E6 /* EnumOperators.swift */; };
		A7AF9A862079A82700E243E6 /* EnumTransform.swift in Sources */ = {isa = PBXBuildFile; fileRef = A7AF9A6D2079A82700E243E6 /* EnumTransform.swift */; };
		A7AF9A872079A82700E243E6 /* FromJSON.swift in Sources */ = {isa = PBXBuildFile; fileRef = A7AF9A6E2079A82700E243E6 /* FromJSON.swift */; };
		A7AF9A882079A82700E243E6 /* HexColorTransform.swift in Sources */ = {isa = PBXBuildFile; fileRef = A7AF9A6F2079A82700E243E6 /* HexColorTransform.swift */; };
		A7AF9A892079A82700E243E6 /* ImmutableMappable.swift in Sources */ = {isa = PBXBuildFile; fileRef = A7AF9A702079A82700E243E6 /* ImmutableMappable.swift */; };
		A7AF9A8A2079A82700E243E6 /* Info.plist in Resources */ = {isa = PBXBuildFile; fileRef = A7AF9A712079A82700E243E6 /* Info.plist */; };
		A7AF9A8B2079A82700E243E6 /* IntegerOperators.swift in Sources */ = {isa = PBXBuildFile; fileRef = A7AF9A722079A82700E243E6 /* IntegerOperators.swift */; };
		A7AF9A8C2079A82700E243E6 /* ISO8601DateTransform.swift in Sources */ = {isa = PBXBuildFile; fileRef = A7AF9A732079A82700E243E6 /* ISO8601DateTransform.swift */; };
		A7AF9A8D2079A82700E243E6 /* Map.swift in Sources */ = {isa = PBXBuildFile; fileRef = A7AF9A742079A82700E243E6 /* Map.swift */; };
		A7AF9A8E2079A82700E243E6 /* MapError.swift in Sources */ = {isa = PBXBuildFile; fileRef = A7AF9A752079A82700E243E6 /* MapError.swift */; };
		A7AF9A8F2079A82700E243E6 /* Mappable.swift in Sources */ = {isa = PBXBuildFile; fileRef = A7AF9A762079A82700E243E6 /* Mappable.swift */; };
		A7AF9A902079A82700E243E6 /* Mapper.swift in Sources */ = {isa = PBXBuildFile; fileRef = A7AF9A772079A82700E243E6 /* Mapper.swift */; };
		A7AF9A912079A82700E243E6 /* NSDecimalNumberTransform.swift in Sources */ = {isa = PBXBuildFile; fileRef = A7AF9A782079A82700E243E6 /* NSDecimalNumberTransform.swift */; };
		A7AF9A922079A82700E243E6 /* Operators.swift in Sources */ = {isa = PBXBuildFile; fileRef = A7AF9A7A2079A82700E243E6 /* Operators.swift */; };
		A7AF9A932079A82700E243E6 /* ToJSON.swift in Sources */ = {isa = PBXBuildFile; fileRef = A7AF9A7B2079A82700E243E6 /* ToJSON.swift */; };
		A7AF9A942079A82700E243E6 /* TransformOf.swift in Sources */ = {isa = PBXBuildFile; fileRef = A7AF9A7C2079A82700E243E6 /* TransformOf.swift */; };
		A7AF9A952079A82700E243E6 /* TransformOperators.swift in Sources */ = {isa = PBXBuildFile; fileRef = A7AF9A7D2079A82700E243E6 /* TransformOperators.swift */; };
		A7AF9A962079A82700E243E6 /* TransformType.swift in Sources */ = {isa = PBXBuildFile; fileRef = A7AF9A7E2079A82700E243E6 /* TransformType.swift */; };
		A7AF9A972079A82700E243E6 /* URLTransform.swift in Sources */ = {isa = PBXBuildFile; fileRef = A7AF9A7F2079A82700E243E6 /* URLTransform.swift */; };
		A7AF9A9B2079AB0D00E243E6 /* Extension.swift in Sources */ = {isa = PBXBuildFile; fileRef = A7AF9A9A2079AB0D00E243E6 /* Extension.swift */; };
		A7AF9A9D2079BBC700E243E6 /* DetailViewController.swift in Sources */ = {isa = PBXBuildFile; fileRef = A7AF9A9C2079BBC700E243E6 /* DetailViewController.swift */; };
		A7AF9A9F2079BBD600E243E6 /* DetailView.swift in Sources */ = {isa = PBXBuildFile; fileRef = A7AF9A9E2079BBD600E243E6 /* DetailView.swift */; };
		ED56311AE550460046DCD75F /* Pods_V2EX_Demo.framework in Frameworks */ = {isa = PBXBuildFile; fileRef = 30C1D9459C0A46324FCD6C0E /* Pods_V2EX_Demo.framework */; };
/* End PBXBuildFile section */

/* Begin PBXContainerItemProxy section */
		A7AF99742078993300E243E6 /* PBXContainerItemProxy */ = {
			isa = PBXContainerItemProxy;
			containerPortal = A7AF99572078993300E243E6 /* Project object */;
			proxyType = 1;
			remoteGlobalIDString = A7AF995E2078993300E243E6;
			remoteInfo = V2EX_Demo;
		};
		A7AF997F2078993300E243E6 /* PBXContainerItemProxy */ = {
			isa = PBXContainerItemProxy;
			containerPortal = A7AF99572078993300E243E6 /* Project object */;
			proxyType = 1;
			remoteGlobalIDString = A7AF995E2078993300E243E6;
			remoteInfo = V2EX_Demo;
		};
/* End PBXContainerItemProxy section */

/* Begin PBXFileReference section */
		066DEDA095D0E6EA3DC7D94F /* Pods_V2EX_DemoUITests.framework */ = {isa = PBXFileReference; explicitFileType = wrapper.framework; includeInIndex = 0; path = Pods_V2EX_DemoUITests.framework; sourceTree = BUILT_PRODUCTS_DIR; };
		21221B377103D0A87CA06F10 /* Pods-V2EX_DemoUITests.debug.xcconfig */ = {isa = PBXFileReference; includeInIndex = 1; lastKnownFileType = text.xcconfig; name = "Pods-V2EX_DemoUITests.debug.xcconfig"; path = "Pods/Target Support Files/Pods-V2EX_DemoUITests/Pods-V2EX_DemoUITests.debug.xcconfig"; sourceTree = "<group>"; };
		30C1D9459C0A46324FCD6C0E /* Pods_V2EX_Demo.framework */ = {isa = PBXFileReference; explicitFileType = wrapper.framework; includeInIndex = 0; path = Pods_V2EX_Demo.framework; sourceTree = BUILT_PRODUCTS_DIR; };
		48D510F5C6950DC793E9DB5E /* Pods_V2EX_DemoTests.framework */ = {isa = PBXFileReference; explicitFileType = wrapper.framework; includeInIndex = 0; path = Pods_V2EX_DemoTests.framework; sourceTree = BUILT_PRODUCTS_DIR; };
		6D99696EE3E53A9B1ED1FAE7 /* Pods-V2EX_Demo.debug.xcconfig */ = {isa = PBXFileReference; includeInIndex = 1; lastKnownFileType = text.xcconfig; name = "Pods-V2EX_Demo.debug.xcconfig"; path = "Pods/Target Support Files/Pods-V2EX_Demo/Pods-V2EX_Demo.debug.xcconfig"; sourceTree = "<group>"; };
		8031872D363ADA0DD289D36E /* Pods-V2EX_DemoUITests.release.xcconfig */ = {isa = PBXFileReference; includeInIndex = 1; lastKnownFileType = text.xcconfig; name = "Pods-V2EX_DemoUITests.release.xcconfig"; path = "Pods/Target Support Files/Pods-V2EX_DemoUITests/Pods-V2EX_DemoUITests.release.xcconfig"; sourceTree = "<group>"; };
		9DD140E33A6D10AEC4204FDB /* Pods-V2EX_DemoTests.release.xcconfig */ = {isa = PBXFileReference; includeInIndex = 1; lastKnownFileType = text.xcconfig; name = "Pods-V2EX_DemoTests.release.xcconfig"; path = "Pods/Target Support Files/Pods-V2EX_DemoTests/Pods-V2EX_DemoTests.release.xcconfig"; sourceTree = "<group>"; };
		A7AF995F2078993300E243E6 /* V2EX_Demo.app */ = {isa = PBXFileReference; explicitFileType = wrapper.application; includeInIndex = 0; path = V2EX_Demo.app; sourceTree = BUILT_PRODUCTS_DIR; };
		A7AF99622078993300E243E6 /* AppDelegate.swift */ = {isa = PBXFileReference; lastKnownFileType = sourcecode.swift; path = AppDelegate.swift; sourceTree = "<group>"; };
		A7AF99642078993300E243E6 /* ViewController.swift */ = {isa = PBXFileReference; lastKnownFileType = sourcecode.swift; path = ViewController.swift; sourceTree = "<group>"; };
		A7AF99672078993300E243E6 /* Base */ = {isa = PBXFileReference; lastKnownFileType = file.storyboard; name = Base; path = Base.lproj/Main.storyboard; sourceTree = "<group>"; };
		A7AF99692078993300E243E6 /* Assets.xcassets */ = {isa = PBXFileReference; lastKnownFileType = folder.assetcatalog; path = Assets.xcassets; sourceTree = "<group>"; };
		A7AF996C2078993300E243E6 /* Base */ = {isa = PBXFileReference; lastKnownFileType = file.storyboard; name = Base; path = Base.lproj/LaunchScreen.storyboard; sourceTree = "<group>"; };
		A7AF996E2078993300E243E6 /* Info.plist */ = {isa = PBXFileReference; lastKnownFileType = text.plist.xml; path = Info.plist; sourceTree = "<group>"; };
		A7AF99732078993300E243E6 /* V2EX_DemoTests.xctest */ = {isa = PBXFileReference; explicitFileType = wrapper.cfbundle; includeInIndex = 0; path = V2EX_DemoTests.xctest; sourceTree = BUILT_PRODUCTS_DIR; };
		A7AF99772078993300E243E6 /* V2EX_DemoTests.swift */ = {isa = PBXFileReference; lastKnownFileType = sourcecode.swift; path = V2EX_DemoTests.swift; sourceTree = "<group>"; };
		A7AF99792078993300E243E6 /* Info.plist */ = {isa = PBXFileReference; lastKnownFileType = text.plist.xml; path = Info.plist; sourceTree = "<group>"; };
		A7AF997E2078993300E243E6 /* V2EX_DemoUITests.xctest */ = {isa = PBXFileReference; explicitFileType = wrapper.cfbundle; includeInIndex = 0; path = V2EX_DemoUITests.xctest; sourceTree = BUILT_PRODUCTS_DIR; };
		A7AF99822078993300E243E6 /* V2EX_DemoUITests.swift */ = {isa = PBXFileReference; lastKnownFileType = sourcecode.swift; path = V2EX_DemoUITests.swift; sourceTree = "<group>"; };
		A7AF99842078993300E243E6 /* Info.plist */ = {isa = PBXFileReference; lastKnownFileType = text.plist.xml; path = Info.plist; sourceTree = "<group>"; };
		A7AF99902078996700E243E6 /* V2EXRequest.swift */ = {isa = PBXFileReference; lastKnownFileType = sourcecode.swift; path = V2EXRequest.swift; sourceTree = "<group>"; };
		A7AF99972078AC3B00E243E6 /* V2EX_Demo-Bridging-Header.h */ = {isa = PBXFileReference; lastKnownFileType = sourcecode.c.h; path = "V2EX_Demo-Bridging-Header.h"; sourceTree = "<group>"; };
		A7AF99982078B7E000E243E6 /* libc++abi.tbd */ = {isa = PBXFileReference; lastKnownFileType = "sourcecode.text-based-dylib-definition"; name = "libc++abi.tbd"; path = "usr/lib/libc++abi.tbd"; sourceTree = SDKROOT; };
		A7AF99D42078D2F100E243E6 /* DisplayCell.swift */ = {isa = PBXFileReference; lastKnownFileType = sourcecode.swift; path = DisplayCell.swift; sourceTree = "<group>"; };
		A7AF99D62079A5EB00E243E6 /* RequestModel.swift */ = {isa = PBXFileReference; lastKnownFileType = sourcecode.swift; path = RequestModel.swift; sourceTree = "<group>"; };
		A7AF9A672079A82700E243E6 /* CustomDateFormatTransform.swift */ = {isa = PBXFileReference; fileEncoding = 4; lastKnownFileType = sourcecode.swift; path = CustomDateFormatTransform.swift; sourceTree = "<group>"; };
		A7AF9A682079A82700E243E6 /* DataTransform.swift */ = {isa = PBXFileReference; fileEncoding = 4; lastKnownFileType = sourcecode.swift; path = DataTransform.swift; sourceTree = "<group>"; };
		A7AF9A692079A82700E243E6 /* DateFormatterTransform.swift */ = {isa = PBXFileReference; fileEncoding = 4; lastKnownFileType = sourcecode.swift; path = DateFormatterTransform.swift; sourceTree = "<group>"; };
		A7AF9A6A2079A82700E243E6 /* DateTransform.swift */ = {isa = PBXFileReference; fileEncoding = 4; lastKnownFileType = sourcecode.swift; path = DateTransform.swift; sourceTree = "<group>"; };
		A7AF9A6B2079A82700E243E6 /* DictionaryTransform.swift */ = {isa = PBXFileReference; fileEncoding = 4; lastKnownFileType = sourcecode.swift; path = DictionaryTransform.swift; sourceTree = "<group>"; };
		A7AF9A6C2079A82700E243E6 /* EnumOperators.swift */ = {isa = PBXFileReference; fileEncoding = 4; lastKnownFileType = sourcecode.swift; path = EnumOperators.swift; sourceTree = "<group>"; };
		A7AF9A6D2079A82700E243E6 /* EnumTransform.swift */ = {isa = PBXFileReference; fileEncoding = 4; lastKnownFileType = sourcecode.swift; path = EnumTransform.swift; sourceTree = "<group>"; };
		A7AF9A6E2079A82700E243E6 /* FromJSON.swift */ = {isa = PBXFileReference; fileEncoding = 4; lastKnownFileType = sourcecode.swift; path = FromJSON.swift; sourceTree = "<group>"; };
		A7AF9A6F2079A82700E243E6 /* HexColorTransform.swift */ = {isa = PBXFileReference; fileEncoding = 4; lastKnownFileType = sourcecode.swift; path = HexColorTransform.swift; sourceTree = "<group>"; };
		A7AF9A702079A82700E243E6 /* ImmutableMappable.swift */ = {isa = PBXFileReference; fileEncoding = 4; lastKnownFileType = sourcecode.swift; path = ImmutableMappable.swift; sourceTree = "<group>"; };
		A7AF9A712079A82700E243E6 /* Info.plist */ = {isa = PBXFileReference; fileEncoding = 4; lastKnownFileType = text.plist.xml; path = Info.plist; sourceTree = "<group>"; };
		A7AF9A722079A82700E243E6 /* IntegerOperators.swift */ = {isa = PBXFileReference; fileEncoding = 4; lastKnownFileType = sourcecode.swift; path = IntegerOperators.swift; sourceTree = "<group>"; };
		A7AF9A732079A82700E243E6 /* ISO8601DateTransform.swift */ = {isa = PBXFileReference; fileEncoding = 4; lastKnownFileType = sourcecode.swift; path = ISO8601DateTransform.swift; sourceTree = "<group>"; };
		A7AF9A742079A82700E243E6 /* Map.swift */ = {isa = PBXFileReference; fileEncoding = 4; lastKnownFileType = sourcecode.swift; path = Map.swift; sourceTree = "<group>"; };
		A7AF9A752079A82700E243E6 /* MapError.swift */ = {isa = PBXFileReference; fileEncoding = 4; lastKnownFileType = sourcecode.swift; path = MapError.swift; sourceTree = "<group>"; };
		A7AF9A762079A82700E243E6 /* Mappable.swift */ = {isa = PBXFileReference; fileEncoding = 4; lastKnownFileType = sourcecode.swift; path = Mappable.swift; sourceTree = "<group>"; };
		A7AF9A772079A82700E243E6 /* Mapper.swift */ = {isa = PBXFileReference; fileEncoding = 4; lastKnownFileType = sourcecode.swift; path = Mapper.swift; sourceTree = "<group>"; };
		A7AF9A782079A82700E243E6 /* NSDecimalNumberTransform.swift */ = {isa = PBXFileReference; fileEncoding = 4; lastKnownFileType = sourcecode.swift; path = NSDecimalNumberTransform.swift; sourceTree = "<group>"; };
		A7AF9A792079A82700E243E6 /* ObjectMapper.h */ = {isa = PBXFileReference; fileEncoding = 4; lastKnownFileType = sourcecode.c.h; path = ObjectMapper.h; sourceTree = "<group>"; };
		A7AF9A7A2079A82700E243E6 /* Operators.swift */ = {isa = PBXFileReference; fileEncoding = 4; lastKnownFileType = sourcecode.swift; path = Operators.swift; sourceTree = "<group>"; };
		A7AF9A7B2079A82700E243E6 /* ToJSON.swift */ = {isa = PBXFileReference; fileEncoding = 4; lastKnownFileType = sourcecode.swift; path = ToJSON.swift; sourceTree = "<group>"; };
		A7AF9A7C2079A82700E243E6 /* TransformOf.swift */ = {isa = PBXFileReference; fileEncoding = 4; lastKnownFileType = sourcecode.swift; path = TransformOf.swift; sourceTree = "<group>"; };
		A7AF9A7D2079A82700E243E6 /* TransformOperators.swift */ = {isa = PBXFileReference; fileEncoding = 4; lastKnownFileType = sourcecode.swift; path = TransformOperators.swift; sourceTree = "<group>"; };
		A7AF9A7E2079A82700E243E6 /* TransformType.swift */ = {isa = PBXFileReference; fileEncoding = 4; lastKnownFileType = sourcecode.swift; path = TransformType.swift; sourceTree = "<group>"; };
		A7AF9A7F2079A82700E243E6 /* URLTransform.swift */ = {isa = PBXFileReference; fileEncoding = 4; lastKnownFileType = sourcecode.swift; path = URLTransform.swift; sourceTree = "<group>"; };
		A7AF9A9A2079AB0D00E243E6 /* Extension.swift */ = {isa = PBXFileReference; lastKnownFileType = sourcecode.swift; path = Extension.swift; sourceTree = "<group>"; };
		A7AF9A9C2079BBC700E243E6 /* DetailViewController.swift */ = {isa = PBXFileReference; lastKnownFileType = sourcecode.swift; path = DetailViewController.swift; sourceTree = "<group>"; };
		A7AF9A9E2079BBD600E243E6 /* DetailView.swift */ = {isa = PBXFileReference; lastKnownFileType = sourcecode.swift; path = DetailView.swift; sourceTree = "<group>"; };
		BA9618BB6FB393B271877B1F /* Pods-V2EX_Demo.release.xcconfig */ = {isa = PBXFileReference; includeInIndex = 1; lastKnownFileType = text.xcconfig; name = "Pods-V2EX_Demo.release.xcconfig"; path = "Pods/Target Support Files/Pods-V2EX_Demo/Pods-V2EX_Demo.release.xcconfig"; sourceTree = "<group>"; };
		FED660D5B8DE8C0396D7761C /* Pods-V2EX_DemoTests.debug.xcconfig */ = {isa = PBXFileReference; includeInIndex = 1; lastKnownFileType = text.xcconfig; name = "Pods-V2EX_DemoTests.debug.xcconfig"; path = "Pods/Target Support Files/Pods-V2EX_DemoTests/Pods-V2EX_DemoTests.debug.xcconfig"; sourceTree = "<group>"; };
/* End PBXFileReference section */

/* Begin PBXFrameworksBuildPhase section */
		A7AF995C2078993300E243E6 /* Frameworks */ = {
			isa = PBXFrameworksBuildPhase;
			buildActionMask = 2147483647;
			files = (
				A7AF99992078B7E100E243E6 /* libc++abi.tbd in Frameworks */,
				ED56311AE550460046DCD75F /* Pods_V2EX_Demo.framework in Frameworks */,
			);
			runOnlyForDeploymentPostprocessing = 0;
		};
		A7AF99702078993300E243E6 /* Frameworks */ = {
			isa = PBXFrameworksBuildPhase;
			buildActionMask = 2147483647;
			files = (
				4AAE1B2FE331A7A306AA7973 /* Pods_V2EX_DemoTests.framework in Frameworks */,
			);
			runOnlyForDeploymentPostprocessing = 0;
		};
		A7AF997B2078993300E243E6 /* Frameworks */ = {
			isa = PBXFrameworksBuildPhase;
			buildActionMask = 2147483647;
			files = (
				524BB76191750FB881DFD13D /* Pods_V2EX_DemoUITests.framework in Frameworks */,
			);
			runOnlyForDeploymentPostprocessing = 0;
		};
/* End PBXFrameworksBuildPhase section */

/* Begin PBXGroup section */
		2D4C84FBE9C0EC4EFFC4D007 /* Pods */ = {
			isa = PBXGroup;
			children = (
				6D99696EE3E53A9B1ED1FAE7 /* Pods-V2EX_Demo.debug.xcconfig */,
				BA9618BB6FB393B271877B1F /* Pods-V2EX_Demo.release.xcconfig */,
				FED660D5B8DE8C0396D7761C /* Pods-V2EX_DemoTests.debug.xcconfig */,
				9DD140E33A6D10AEC4204FDB /* Pods-V2EX_DemoTests.release.xcconfig */,
				21221B377103D0A87CA06F10 /* Pods-V2EX_DemoUITests.debug.xcconfig */,
				8031872D363ADA0DD289D36E /* Pods-V2EX_DemoUITests.release.xcconfig */,
			);
			name = Pods;
			sourceTree = "<group>";
		};
		950D95F72D0AF5847532E88C /* Frameworks */ = {
			isa = PBXGroup;
			children = (
				A7AF99982078B7E000E243E6 /* libc++abi.tbd */,
				30C1D9459C0A46324FCD6C0E /* Pods_V2EX_Demo.framework */,
				48D510F5C6950DC793E9DB5E /* Pods_V2EX_DemoTests.framework */,
				066DEDA095D0E6EA3DC7D94F /* Pods_V2EX_DemoUITests.framework */,
			);
			name = Frameworks;
			sourceTree = "<group>";
		};
		A7AF99562078993300E243E6 = {
			isa = PBXGroup;
			children = (
				A7AF99612078993300E243E6 /* V2EX_Demo */,
				A7AF99762078993300E243E6 /* V2EX_DemoTests */,
				A7AF99812078993300E243E6 /* V2EX_DemoUITests */,
				A7AF99602078993300E243E6 /* Products */,
				2D4C84FBE9C0EC4EFFC4D007 /* Pods */,
				950D95F72D0AF5847532E88C /* Frameworks */,
			);
			sourceTree = "<group>";
		};
		A7AF99602078993300E243E6 /* Products */ = {
			isa = PBXGroup;
			children = (
				A7AF995F2078993300E243E6 /* V2EX_Demo.app */,
				A7AF99732078993300E243E6 /* V2EX_DemoTests.xctest */,
				A7AF997E2078993300E243E6 /* V2EX_DemoUITests.xctest */,
			);
			name = Products;
			sourceTree = "<group>";
		};
		A7AF99612078993300E243E6 /* V2EX_Demo */ = {
			isa = PBXGroup;
			children = (
				A7AF9A662079A82700E243E6 /* Sources */,
				A7AF99622078993300E243E6 /* AppDelegate.swift */,
				A7AF9A9A2079AB0D00E243E6 /* Extension.swift */,
				A7AF99642078993300E243E6 /* ViewController.swift */,
				A7AF99D42078D2F100E243E6 /* DisplayCell.swift */,
				A7AF9A9C2079BBC700E243E6 /* DetailViewController.swift */,
				A7AF9A9E2079BBD600E243E6 /* DetailView.swift */,
				A7AF99972078AC3B00E243E6 /* V2EX_Demo-Bridging-Header.h */,
				A7AF99902078996700E243E6 /* V2EXRequest.swift */,
				A7AF99D62079A5EB00E243E6 /* RequestModel.swift */,
				A7AF99662078993300E243E6 /* Main.storyboard */,
				A7AF99692078993300E243E6 /* Assets.xcassets */,
				A7AF996B2078993300E243E6 /* LaunchScreen.storyboard */,
				A7AF996E2078993300E243E6 /* Info.plist */,
			);
			path = V2EX_Demo;
			sourceTree = "<group>";
		};
		A7AF99762078993300E243E6 /* V2EX_DemoTests */ = {
			isa = PBXGroup;
			children = (
				A7AF99772078993300E243E6 /* V2EX_DemoTests.swift */,
				A7AF99792078993300E243E6 /* Info.plist */,
			);
			path = V2EX_DemoTests;
			sourceTree = "<group>";
		};
		A7AF99812078993300E243E6 /* V2EX_DemoUITests */ = {
			isa = PBXGroup;
			children = (
				A7AF99822078993300E243E6 /* V2EX_DemoUITests.swift */,
				A7AF99842078993300E243E6 /* Info.plist */,
			);
			path = V2EX_DemoUITests;
			sourceTree = "<group>";
		};
		A7AF9A662079A82700E243E6 /* Sources */ = {
			isa = PBXGroup;
			children = (
				A7AF9A672079A82700E243E6 /* CustomDateFormatTransform.swift */,
				A7AF9A682079A82700E243E6 /* DataTransform.swift */,
				A7AF9A692079A82700E243E6 /* DateFormatterTransform.swift */,
				A7AF9A6A2079A82700E243E6 /* DateTransform.swift */,
				A7AF9A6B2079A82700E243E6 /* DictionaryTransform.swift */,
				A7AF9A6C2079A82700E243E6 /* EnumOperators.swift */,
				A7AF9A6D2079A82700E243E6 /* EnumTransform.swift */,
				A7AF9A6E2079A82700E243E6 /* FromJSON.swift */,
				A7AF9A6F2079A82700E243E6 /* HexColorTransform.swift */,
				A7AF9A702079A82700E243E6 /* ImmutableMappable.swift */,
				A7AF9A712079A82700E243E6 /* Info.plist */,
				A7AF9A722079A82700E243E6 /* IntegerOperators.swift */,
				A7AF9A732079A82700E243E6 /* ISO8601DateTransform.swift */,
				A7AF9A742079A82700E243E6 /* Map.swift */,
				A7AF9A752079A82700E243E6 /* MapError.swift */,
				A7AF9A762079A82700E243E6 /* Mappable.swift */,
				A7AF9A772079A82700E243E6 /* Mapper.swift */,
				A7AF9A782079A82700E243E6 /* NSDecimalNumberTransform.swift */,
				A7AF9A792079A82700E243E6 /* ObjectMapper.h */,
				A7AF9A7A2079A82700E243E6 /* Operators.swift */,
				A7AF9A7B2079A82700E243E6 /* ToJSON.swift */,
				A7AF9A7C2079A82700E243E6 /* TransformOf.swift */,
				A7AF9A7D2079A82700E243E6 /* TransformOperators.swift */,
				A7AF9A7E2079A82700E243E6 /* TransformType.swift */,
				A7AF9A7F2079A82700E243E6 /* URLTransform.swift */,
			);
			path = Sources;
			sourceTree = "<group>";
		};
/* End PBXGroup section */

/* Begin PBXNativeTarget section */
		A7AF995E2078993300E243E6 /* V2EX_Demo */ = {
			isa = PBXNativeTarget;
			buildConfigurationList = A7AF99872078993300E243E6 /* Build configuration list for PBXNativeTarget "V2EX_Demo" */;
			buildPhases = (
				EE4A5671F5CA0DCAA366E0E6 /* [CP] Check Pods Manifest.lock */,
				A7AF995B2078993300E243E6 /* Sources */,
				A7AF995C2078993300E243E6 /* Frameworks */,
				A7AF995D2078993300E243E6 /* Resources */,
				B8693C25A717E22E08DC875D /* [CP] Embed Pods Frameworks */,
				297B4DD55B0630D59050B9E6 /* [CP] Copy Pods Resources */,
			);
			buildRules = (
			);
			dependencies = (
			);
			name = V2EX_Demo;
			productName = V2EX_Demo;
			productReference = A7AF995F2078993300E243E6 /* V2EX_Demo.app */;
			productType = "com.apple.product-type.application";
		};
		A7AF99722078993300E243E6 /* V2EX_DemoTests */ = {
			isa = PBXNativeTarget;
			buildConfigurationList = A7AF998A2078993300E243E6 /* Build configuration list for PBXNativeTarget "V2EX_DemoTests" */;
			buildPhases = (
				F33E24DB7B10A4D173258616 /* [CP] Check Pods Manifest.lock */,
				A7AF996F2078993300E243E6 /* Sources */,
				A7AF99702078993300E243E6 /* Frameworks */,
				A7AF99712078993300E243E6 /* Resources */,
				437FB71DB571EFDE2A9B6918 /* [CP] Embed Pods Frameworks */,
				C9B2733DABB12C8024F5DDF4 /* [CP] Copy Pods Resources */,
			);
			buildRules = (
			);
			dependencies = (
				A7AF99752078993300E243E6 /* PBXTargetDependency */,
			);
			name = V2EX_DemoTests;
			productName = V2EX_DemoTests;
			productReference = A7AF99732078993300E243E6 /* V2EX_DemoTests.xctest */;
			productType = "com.apple.product-type.bundle.unit-test";
		};
		A7AF997D2078993300E243E6 /* V2EX_DemoUITests */ = {
			isa = PBXNativeTarget;
			buildConfigurationList = A7AF998D2078993300E243E6 /* Build configuration list for PBXNativeTarget "V2EX_DemoUITests" */;
			buildPhases = (
				0FBAA6994FDEA939027C451F /* [CP] Check Pods Manifest.lock */,
				A7AF997A2078993300E243E6 /* Sources */,
				A7AF997B2078993300E243E6 /* Frameworks */,
				A7AF997C2078993300E243E6 /* Resources */,
				F27427820D584524255DCF6F /* [CP] Embed Pods Frameworks */,
				283882460817F091F16B82A1 /* [CP] Copy Pods Resources */,
			);
			buildRules = (
			);
			dependencies = (
				A7AF99802078993300E243E6 /* PBXTargetDependency */,
			);
			name = V2EX_DemoUITests;
			productName = V2EX_DemoUITests;
			productReference = A7AF997E2078993300E243E6 /* V2EX_DemoUITests.xctest */;
			productType = "com.apple.product-type.bundle.ui-testing";
		};
/* End PBXNativeTarget section */

/* Begin PBXProject section */
		A7AF99572078993300E243E6 /* Project object */ = {
			isa = PBXProject;
			attributes = {
				LastSwiftUpdateCheck = 0920;
				LastUpgradeCheck = 0920;
				ORGANIZATIONNAME = vsKing;
				TargetAttributes = {
					A7AF995E2078993300E243E6 = {
						CreatedOnToolsVersion = 9.2;
						ProvisioningStyle = Automatic;
					};
					A7AF99722078993300E243E6 = {
						CreatedOnToolsVersion = 9.2;
						ProvisioningStyle = Automatic;
						TestTargetID = A7AF995E2078993300E243E6;
					};
					A7AF997D2078993300E243E6 = {
						CreatedOnToolsVersion = 9.2;
						ProvisioningStyle = Automatic;
						TestTargetID = A7AF995E2078993300E243E6;
					};
				};
			};
			buildConfigurationList = A7AF995A2078993300E243E6 /* Build configuration list for PBXProject "V2EX_Demo" */;
			compatibilityVersion = "Xcode 8.0";
			developmentRegion = en;
			hasScannedForEncodings = 0;
			knownRegions = (
				en,
				Base,
			);
			mainGroup = A7AF99562078993300E243E6;
			productRefGroup = A7AF99602078993300E243E6 /* Products */;
			projectDirPath = "";
			projectRoot = "";
			targets = (
				A7AF995E2078993300E243E6 /* V2EX_Demo */,
				A7AF99722078993300E243E6 /* V2EX_DemoTests */,
				A7AF997D2078993300E243E6 /* V2EX_DemoUITests */,
			);
		};
/* End PBXProject section */

/* Begin PBXResourcesBuildPhase section */
		A7AF995D2078993300E243E6 /* Resources */ = {
			isa = PBXResourcesBuildPhase;
			buildActionMask = 2147483647;
			files = (
				A7AF9A8A2079A82700E243E6 /* Info.plist in Resources */,
				A7AF996D2078993300E243E6 /* LaunchScreen.storyboard in Resources */,
				A7AF996A2078993300E243E6 /* Assets.xcassets in Resources */,
				A7AF99682078993300E243E6 /* Main.storyboard in Resources */,
			);
			runOnlyForDeploymentPostprocessing = 0;
		};
		A7AF99712078993300E243E6 /* Resources */ = {
			isa = PBXResourcesBuildPhase;
			buildActionMask = 2147483647;
			files = (
			);
			runOnlyForDeploymentPostprocessing = 0;
		};
		A7AF997C2078993300E243E6 /* Resources */ = {
			isa = PBXResourcesBuildPhase;
			buildActionMask = 2147483647;
			files = (
			);
			runOnlyForDeploymentPostprocessing = 0;
		};
/* End PBXResourcesBuildPhase section */

/* Begin PBXShellScriptBuildPhase section */
		0FBAA6994FDEA939027C451F /* [CP] Check Pods Manifest.lock */ = {
			isa = PBXShellScriptBuildPhase;
			buildActionMask = 2147483647;
			files = (
			);
			inputPaths = (
			);
			name = "[CP] Check Pods Manifest.lock";
			outputPaths = (
			);
			runOnlyForDeploymentPostprocessing = 0;
			shellPath = /bin/sh;
			shellScript = "diff \"${PODS_ROOT}/../Podfile.lock\" \"${PODS_ROOT}/Manifest.lock\" > /dev/null\nif [ $? != 0 ] ; then\n    # print error to STDERR\n    echo \"error: The sandbox is not in sync with the Podfile.lock. Run 'pod install' or update your CocoaPods installation.\" >&2\n    exit 1\nfi\n";
			showEnvVarsInLog = 0;
		};
		283882460817F091F16B82A1 /* [CP] Copy Pods Resources */ = {
			isa = PBXShellScriptBuildPhase;
			buildActionMask = 2147483647;
			files = (
			);
			inputPaths = (
			);
			name = "[CP] Copy Pods Resources";
			outputPaths = (
			);
			runOnlyForDeploymentPostprocessing = 0;
			shellPath = /bin/sh;
			shellScript = "\"${SRCROOT}/Pods/Target Support Files/Pods-V2EX_DemoUITests/Pods-V2EX_DemoUITests-resources.sh\"\n";
			showEnvVarsInLog = 0;
		};
		297B4DD55B0630D59050B9E6 /* [CP] Copy Pods Resources */ = {
			isa = PBXShellScriptBuildPhase;
			buildActionMask = 2147483647;
			files = (
			);
			inputPaths = (
			);
			name = "[CP] Copy Pods Resources";
			outputPaths = (
			);
			runOnlyForDeploymentPostprocessing = 0;
			shellPath = /bin/sh;
			shellScript = "\"${SRCROOT}/Pods/Target Support Files/Pods-V2EX_Demo/Pods-V2EX_Demo-resources.sh\"\n";
			showEnvVarsInLog = 0;
		};
		437FB71DB571EFDE2A9B6918 /* [CP] Embed Pods Frameworks */ = {
			isa = PBXShellScriptBuildPhase;
			buildActionMask = 2147483647;
			files = (
			);
			inputPaths = (
			);
			name = "[CP] Embed Pods Frameworks";
			outputPaths = (
			);
			runOnlyForDeploymentPostprocessing = 0;
			shellPath = /bin/sh;
			shellScript = "\"${SRCROOT}/Pods/Target Support Files/Pods-V2EX_DemoTests/Pods-V2EX_DemoTests-frameworks.sh\"\n";
			showEnvVarsInLog = 0;
		};
		B8693C25A717E22E08DC875D /* [CP] Embed Pods Frameworks */ = {
			isa = PBXShellScriptBuildPhase;
			buildActionMask = 2147483647;
			files = (
			);
			inputPaths = (
			);
			name = "[CP] Embed Pods Frameworks";
			outputPaths = (
			);
			runOnlyForDeploymentPostprocessing = 0;
			shellPath = /bin/sh;
			shellScript = "\"${SRCROOT}/Pods/Target Support Files/Pods-V2EX_Demo/Pods-V2EX_Demo-frameworks.sh\"\n";
			showEnvVarsInLog = 0;
		};
		C9B2733DABB12C8024F5DDF4 /* [CP] Copy Pods Resources */ = {
			isa = PBXShellScriptBuildPhase;
			buildActionMask = 2147483647;
			files = (
			);
			inputPaths = (
			);
			name = "[CP] Copy Pods Resources";
			outputPaths = (
			);
			runOnlyForDeploymentPostprocessing = 0;
			shellPath = /bin/sh;
			shellScript = "\"${SRCROOT}/Pods/Target Support Files/Pods-V2EX_DemoTests/Pods-V2EX_DemoTests-resources.sh\"\n";
			showEnvVarsInLog = 0;
		};
		EE4A5671F5CA0DCAA366E0E6 /* [CP] Check Pods Manifest.lock */ = {
			isa = PBXShellScriptBuildPhase;
			buildActionMask = 2147483647;
			files = (
			);
			inputPaths = (
			);
			name = "[CP] Check Pods Manifest.lock";
			outputPaths = (
			);
			runOnlyForDeploymentPostprocessing = 0;
			shellPath = /bin/sh;
			shellScript = "diff \"${PODS_ROOT}/../Podfile.lock\" \"${PODS_ROOT}/Manifest.lock\" > /dev/null\nif [ $? != 0 ] ; then\n    # print error to STDERR\n    echo \"error: The sandbox is not in sync with the Podfile.lock. Run 'pod install' or update your CocoaPods installation.\" >&2\n    exit 1\nfi\n";
			showEnvVarsInLog = 0;
		};
		F27427820D584524255DCF6F /* [CP] Embed Pods Frameworks */ = {
			isa = PBXShellScriptBuildPhase;
			buildActionMask = 2147483647;
			files = (
			);
			inputPaths = (
			);
			name = "[CP] Embed Pods Frameworks";
			outputPaths = (
			);
			runOnlyForDeploymentPostprocessing = 0;
			shellPath = /bin/sh;
			shellScript = "\"${SRCROOT}/Pods/Target Support Files/Pods-V2EX_DemoUITests/Pods-V2EX_DemoUITests-frameworks.sh\"\n";
			showEnvVarsInLog = 0;
		};
		F33E24DB7B10A4D173258616 /* [CP] Check Pods Manifest.lock */ = {
			isa = PBXShellScriptBuildPhase;
			buildActionMask = 2147483647;
			files = (
			);
			inputPaths = (
			);
			name = "[CP] Check Pods Manifest.lock";
			outputPaths = (
			);
			runOnlyForDeploymentPostprocessing = 0;
			shellPath = /bin/sh;
			shellScript = "diff \"${PODS_ROOT}/../Podfile.lock\" \"${PODS_ROOT}/Manifest.lock\" > /dev/null\nif [ $? != 0 ] ; then\n    # print error to STDERR\n    echo \"error: The sandbox is not in sync with the Podfile.lock. Run 'pod install' or update your CocoaPods installation.\" >&2\n    exit 1\nfi\n";
			showEnvVarsInLog = 0;
		};
/* End PBXShellScriptBuildPhase section */

/* Begin PBXSourcesBuildPhase section */
		A7AF995B2078993300E243E6 /* Sources */ = {
			isa = PBXSourcesBuildPhase;
			buildActionMask = 2147483647;
			files = (
				A7AF99D52078D2F100E243E6 /* DisplayCell.swift in Sources */,
				A7AF9A8F2079A82700E243E6 /* Mappable.swift in Sources */,
				A7AF9A8B2079A82700E243E6 /* IntegerOperators.swift in Sources */,
				A7AF9A902079A82700E243E6 /* Mapper.swift in Sources */,
				A7AF99652078993300E243E6 /* ViewController.swift in Sources */,
				A7AF9A882079A82700E243E6 /* HexColorTransform.swift in Sources */,
				A7AF9A8E2079A82700E243E6 /* MapError.swift in Sources */,
				A7AF9A892079A82700E243E6 /* ImmutableMappable.swift in Sources */,
				A7AF9A862079A82700E243E6 /* EnumTransform.swift in Sources */,
				A7AF9A802079A82700E243E6 /* CustomDateFormatTransform.swift in Sources */,
				A7AF9A812079A82700E243E6 /* DataTransform.swift in Sources */,
				A7AF9A8D2079A82700E243E6 /* Map.swift in Sources */,
				A7AF9A822079A82700E243E6 /* DateFormatterTransform.swift in Sources */,
				A7AF9A832079A82700E243E6 /* DateTransform.swift in Sources */,
				A7AF9A942079A82700E243E6 /* TransformOf.swift in Sources */,
				A7AF9A952079A82700E243E6 /* TransformOperators.swift in Sources */,
				A7AF99632078993300E243E6 /* AppDelegate.swift in Sources */,
				A7AF99912078996700E243E6 /* V2EXRequest.swift in Sources */,
				A7AF9A9D2079BBC700E243E6 /* DetailViewController.swift in Sources */,
				A7AF9A922079A82700E243E6 /* Operators.swift in Sources */,
				A7AF9A932079A82700E243E6 /* ToJSON.swift in Sources */,
				A7AF9A842079A82700E243E6 /* DictionaryTransform.swift in Sources */,
				A7AF9A972079A82700E243E6 /* URLTransform.swift in Sources */,
				A7AF9A852079A82700E243E6 /* EnumOperators.swift in Sources */,
				A7AF9A9F2079BBD600E243E6 /* DetailView.swift in Sources */,
				A7AF9A9B2079AB0D00E243E6 /* Extension.swift in Sources */,
				A7AF9A8C2079A82700E243E6 /* ISO8601DateTransform.swift in Sources */,
				A7AF9A962079A82700E243E6 /* TransformType.swift in Sources */,
				A7AF99D72079A5EB00E243E6 /* RequestModel.swift in Sources */,
				A7AF9A872079A82700E243E6 /* FromJSON.swift in Sources */,
				A7AF9A912079A82700E243E6 /* NSDecimalNumberTransform.swift in Sources */,
			);
			runOnlyForDeploymentPostprocessing = 0;
		};
		A7AF996F2078993300E243E6 /* Sources */ = {
			isa = PBXSourcesBuildPhase;
			buildActionMask = 2147483647;
			files = (
				A7AF99782078993300E243E6 /* V2EX_DemoTests.swift in Sources */,
			);
			runOnlyForDeploymentPostprocessing = 0;
		};
		A7AF997A2078993300E243E6 /* Sources */ = {
			isa = PBXSourcesBuildPhase;
			buildActionMask = 2147483647;
			files = (
				A7AF99832078993300E243E6 /* V2EX_DemoUITests.swift in Sources */,
			);
			runOnlyForDeploymentPostprocessing = 0;
		};
/* End PBXSourcesBuildPhase section */

/* Begin PBXTargetDependency section */
		A7AF99752078993300E243E6 /* PBXTargetDependency */ = {
			isa = PBXTargetDependency;
			target = A7AF995E2078993300E243E6 /* V2EX_Demo */;
			targetProxy = A7AF99742078993300E243E6 /* PBXContainerItemProxy */;
		};
		A7AF99802078993300E243E6 /* PBXTargetDependency */ = {
			isa = PBXTargetDependency;
			target = A7AF995E2078993300E243E6 /* V2EX_Demo */;
			targetProxy = A7AF997F2078993300E243E6 /* PBXContainerItemProxy */;
		};
/* End PBXTargetDependency section */

/* Begin PBXVariantGroup section */
		A7AF99662078993300E243E6 /* Main.storyboard */ = {
			isa = PBXVariantGroup;
			children = (
				A7AF99672078993300E243E6 /* Base */,
			);
			name = Main.storyboard;
			sourceTree = "<group>";
		};
		A7AF996B2078993300E243E6 /* LaunchScreen.storyboard */ = {
			isa = PBXVariantGroup;
			children = (
				A7AF996C2078993300E243E6 /* Base */,
			);
			name = LaunchScreen.storyboard;
			sourceTree = "<group>";
		};
/* End PBXVariantGroup section */

/* Begin XCBuildConfiguration section */
		A7AF99852078993300E243E6 /* Debug */ = {
			isa = XCBuildConfiguration;
			buildSettings = {
				ALWAYS_SEARCH_USER_PATHS = NO;
				CLANG_ANALYZER_NONNULL = YES;
				CLANG_ANALYZER_NUMBER_OBJECT_CONVERSION = YES_AGGRESSIVE;
				CLANG_CXX_LANGUAGE_STANDARD = "gnu++14";
				CLANG_CXX_LIBRARY = "libc++";
				CLANG_ENABLE_MODULES = YES;
				CLANG_ENABLE_OBJC_ARC = YES;
				CLANG_WARN_BLOCK_CAPTURE_AUTORELEASING = YES;
				CLANG_WARN_BOOL_CONVERSION = YES;
				CLANG_WARN_COMMA = YES;
				CLANG_WARN_CONSTANT_CONVERSION = YES;
				CLANG_WARN_DIRECT_OBJC_ISA_USAGE = YES_ERROR;
				CLANG_WARN_DOCUMENTATION_COMMENTS = YES;
				CLANG_WARN_EMPTY_BODY = YES;
				CLANG_WARN_ENUM_CONVERSION = YES;
				CLANG_WARN_INFINITE_RECURSION = YES;
				CLANG_WARN_INT_CONVERSION = YES;
				CLANG_WARN_NON_LITERAL_NULL_CONVERSION = YES;
				CLANG_WARN_OBJC_LITERAL_CONVERSION = YES;
				CLANG_WARN_OBJC_ROOT_CLASS = YES_ERROR;
				CLANG_WARN_RANGE_LOOP_ANALYSIS = YES;
				CLANG_WARN_STRICT_PROTOTYPES = YES;
				CLANG_WARN_SUSPICIOUS_MOVE = YES;
				CLANG_WARN_UNGUARDED_AVAILABILITY = YES_AGGRESSIVE;
				CLANG_WARN_UNREACHABLE_CODE = YES;
				CLANG_WARN__DUPLICATE_METHOD_MATCH = YES;
				CODE_SIGN_IDENTITY = "iPhone Developer";
				COPY_PHASE_STRIP = NO;
				DEBUG_INFORMATION_FORMAT = dwarf;
				ENABLE_STRICT_OBJC_MSGSEND = YES;
				ENABLE_TESTABILITY = YES;
				GCC_C_LANGUAGE_STANDARD = gnu11;
				GCC_DYNAMIC_NO_PIC = NO;
				GCC_NO_COMMON_BLOCKS = YES;
				GCC_OPTIMIZATION_LEVEL = 0;
				GCC_PREPROCESSOR_DEFINITIONS = (
					"DEBUG=1",
					"$(inherited)",
				);
				GCC_WARN_64_TO_32_BIT_CONVERSION = YES;
				GCC_WARN_ABOUT_RETURN_TYPE = YES_ERROR;
				GCC_WARN_UNDECLARED_SELECTOR = YES;
				GCC_WARN_UNINITIALIZED_AUTOS = YES_AGGRESSIVE;
				GCC_WARN_UNUSED_FUNCTION = YES;
				GCC_WARN_UNUSED_VARIABLE = YES;
				IPHONEOS_DEPLOYMENT_TARGET = 11.2;
				MTL_ENABLE_DEBUG_INFO = YES;
				ONLY_ACTIVE_ARCH = YES;
				SDKROOT = iphoneos;
				SWIFT_ACTIVE_COMPILATION_CONDITIONS = DEBUG;
				SWIFT_OPTIMIZATION_LEVEL = "-Onone";
			};
			name = Debug;
		};
		A7AF99862078993300E243E6 /* Release */ = {
			isa = XCBuildConfiguration;
			buildSettings = {
				ALWAYS_SEARCH_USER_PATHS = NO;
				CLANG_ANALYZER_NONNULL = YES;
				CLANG_ANALYZER_NUMBER_OBJECT_CONVERSION = YES_AGGRESSIVE;
				CLANG_CXX_LANGUAGE_STANDARD = "gnu++14";
				CLANG_CXX_LIBRARY = "libc++";
				CLANG_ENABLE_MODULES = YES;
				CLANG_ENABLE_OBJC_ARC = YES;
				CLANG_WARN_BLOCK_CAPTURE_AUTORELEASING = YES;
				CLANG_WARN_BOOL_CONVERSION = YES;
				CLANG_WARN_COMMA = YES;
				CLANG_WARN_CONSTANT_CONVERSION = YES;
				CLANG_WARN_DIRECT_OBJC_ISA_USAGE = YES_ERROR;
				CLANG_WARN_DOCUMENTATION_COMMENTS = YES;
				CLANG_WARN_EMPTY_BODY = YES;
				CLANG_WARN_ENUM_CONVERSION = YES;
				CLANG_WARN_INFINITE_RECURSION = YES;
				CLANG_WARN_INT_CONVERSION = YES;
				CLANG_WARN_NON_LITERAL_NULL_CONVERSION = YES;
				CLANG_WARN_OBJC_LITERAL_CONVERSION = YES;
				CLANG_WARN_OBJC_ROOT_CLASS = YES_ERROR;
				CLANG_WARN_RANGE_LOOP_ANALYSIS = YES;
				CLANG_WARN_STRICT_PROTOTYPES = YES;
				CLANG_WARN_SUSPICIOUS_MOVE = YES;
				CLANG_WARN_UNGUARDED_AVAILABILITY = YES_AGGRESSIVE;
				CLANG_WARN_UNREACHABLE_CODE = YES;
				CLANG_WARN__DUPLICATE_METHOD_MATCH = YES;
				CODE_SIGN_IDENTITY = "iPhone Developer";
				COPY_PHASE_STRIP = NO;
				DEBUG_INFORMATION_FORMAT = "dwarf-with-dsym";
				ENABLE_NS_ASSERTIONS = NO;
				ENABLE_STRICT_OBJC_MSGSEND = YES;
				GCC_C_LANGUAGE_STANDARD = gnu11;
				GCC_NO_COMMON_BLOCKS = YES;
				GCC_WARN_64_TO_32_BIT_CONVERSION = YES;
				GCC_WARN_ABOUT_RETURN_TYPE = YES_ERROR;
				GCC_WARN_UNDECLARED_SELECTOR = YES;
				GCC_WARN_UNINITIALIZED_AUTOS = YES_AGGRESSIVE;
				GCC_WARN_UNUSED_FUNCTION = YES;
				GCC_WARN_UNUSED_VARIABLE = YES;
				IPHONEOS_DEPLOYMENT_TARGET = 11.2;
				MTL_ENABLE_DEBUG_INFO = NO;
				SDKROOT = iphoneos;
				SWIFT_OPTIMIZATION_LEVEL = "-Owholemodule";
				VALIDATE_PRODUCT = YES;
			};
			name = Release;
		};
		A7AF99882078993300E243E6 /* Debug */ = {
			isa = XCBuildConfiguration;
			baseConfigurationReference = 6D99696EE3E53A9B1ED1FAE7 /* Pods-V2EX_Demo.debug.xcconfig */;
			buildSettings = {
				ASSETCATALOG_COMPILER_APPICON_NAME = AppIcon;
				CODE_SIGN_STYLE = Automatic;
				DEVELOPMENT_TEAM = U54J3QSAHN;
				INFOPLIST_FILE = V2EX_Demo/Info.plist;
				LD_RUNPATH_SEARCH_PATHS = "$(inherited) @executable_path/Frameworks";
				PRODUCT_BUNDLE_IDENTIFIER = "cjl.V2EX-Demo";
				PRODUCT_NAME = "$(TARGET_NAME)";
				SWIFT_OBJC_BRIDGING_HEADER = "V2EX_Demo/V2EX_Demo-Bridging-Header.h";
				SWIFT_VERSION = 4.0;
				TARGETED_DEVICE_FAMILY = "1,2";
				USER_HEADER_SEARCH_PATHS = "${SRCROOT}/**";
			};
			name = Debug;
		};
		A7AF99892078993300E243E6 /* Release */ = {
			isa = XCBuildConfiguration;
			baseConfigurationReference = BA9618BB6FB393B271877B1F /* Pods-V2EX_Demo.release.xcconfig */;
			buildSettings = {
				ASSETCATALOG_COMPILER_APPICON_NAME = AppIcon;
				CODE_SIGN_STYLE = Automatic;
				DEVELOPMENT_TEAM = U54J3QSAHN;
				INFOPLIST_FILE = V2EX_Demo/Info.plist;
				LD_RUNPATH_SEARCH_PATHS = "$(inherited) @executable_path/Frameworks";
				PRODUCT_BUNDLE_IDENTIFIER = "cjl.V2EX-Demo";
				PRODUCT_NAME = "$(TARGET_NAME)";
				SWIFT_OBJC_BRIDGING_HEADER = "V2EX_Demo/V2EX_Demo-Bridging-Header.h";
				SWIFT_VERSION = 4.0;
				TARGETED_DEVICE_FAMILY = "1,2";
				USER_HEADER_SEARCH_PATHS = "${SRCROOT}/**";
			};
			name = Release;
		};
		A7AF998B2078993300E243E6 /* Debug */ = {
			isa = XCBuildConfiguration;
			baseConfigurationReference = FED660D5B8DE8C0396D7761C /* Pods-V2EX_DemoTests.debug.xcconfig */;
			buildSettings = {
				ALWAYS_EMBED_SWIFT_STANDARD_LIBRARIES = YES;
				BUNDLE_LOADER = "$(TEST_HOST)";
				CODE_SIGN_STYLE = Automatic;
				DEVELOPMENT_TEAM = U54J3QSAHN;
				INFOPLIST_FILE = V2EX_DemoTests/Info.plist;
				LD_RUNPATH_SEARCH_PATHS = "$(inherited) @executable_path/Frameworks @loader_path/Frameworks";
				PRODUCT_BUNDLE_IDENTIFIER = "cjl.V2EX-DemoTests";
				PRODUCT_NAME = "$(TARGET_NAME)";
				SWIFT_VERSION = 4.0;
				TARGETED_DEVICE_FAMILY = "1,2";
				TEST_HOST = "$(BUILT_PRODUCTS_DIR)/V2EX_Demo.app/V2EX_Demo";
			};
			name = Debug;
		};
		A7AF998C2078993300E243E6 /* Release */ = {
			isa = XCBuildConfiguration;
			baseConfigurationReference = 9DD140E33A6D10AEC4204FDB /* Pods-V2EX_DemoTests.release.xcconfig */;
			buildSettings = {
				ALWAYS_EMBED_SWIFT_STANDARD_LIBRARIES = YES;
				BUNDLE_LOADER = "$(TEST_HOST)";
				CODE_SIGN_STYLE = Automatic;
				DEVELOPMENT_TEAM = U54J3QSAHN;
				INFOPLIST_FILE = V2EX_DemoTests/Info.plist;
				LD_RUNPATH_SEARCH_PATHS = "$(inherited) @executable_path/Frameworks @loader_path/Frameworks";
				PRODUCT_BUNDLE_IDENTIFIER = "cjl.V2EX-DemoTests";
				PRODUCT_NAME = "$(TARGET_NAME)";
				SWIFT_VERSION = 4.0;
				TARGETED_DEVICE_FAMILY = "1,2";
				TEST_HOST = "$(BUILT_PRODUCTS_DIR)/V2EX_Demo.app/V2EX_Demo";
			};
			name = Release;
		};
		A7AF998E2078993300E243E6 /* Debug */ = {
			isa = XCBuildConfiguration;
			baseConfigurationReference = 21221B377103D0A87CA06F10 /* Pods-V2EX_DemoUITests.debug.xcconfig */;
			buildSettings = {
				ALWAYS_EMBED_SWIFT_STANDARD_LIBRARIES = YES;
				CODE_SIGN_STYLE = Automatic;
				DEVELOPMENT_TEAM = U54J3QSAHN;
				INFOPLIST_FILE = V2EX_DemoUITests/Info.plist;
				LD_RUNPATH_SEARCH_PATHS = "$(inherited) @executable_path/Frameworks @loader_path/Frameworks";
				PRODUCT_BUNDLE_IDENTIFIER = "cjl.V2EX-DemoUITests";
				PRODUCT_NAME = "$(TARGET_NAME)";
				SWIFT_VERSION = 4.0;
				TARGETED_DEVICE_FAMILY = "1,2";
				TEST_TARGET_NAME = V2EX_Demo;
			};
			name = Debug;
		};
		A7AF998F2078993300E243E6 /* Release */ = {
			isa = XCBuildConfiguration;
			baseConfigurationReference = 8031872D363ADA0DD289D36E /* Pods-V2EX_DemoUITests.release.xcconfig */;
			buildSettings = {
				ALWAYS_EMBED_SWIFT_STANDARD_LIBRARIES = YES;
				CODE_SIGN_STYLE = Automatic;
				DEVELOPMENT_TEAM = U54J3QSAHN;
				INFOPLIST_FILE = V2EX_DemoUITests/Info.plist;
				LD_RUNPATH_SEARCH_PATHS = "$(inherited) @executable_path/Frameworks @loader_path/Frameworks";
				PRODUCT_BUNDLE_IDENTIFIER = "cjl.V2EX-DemoUITests";
				PRODUCT_NAME = "$(TARGET_NAME)";
				SWIFT_VERSION = 4.0;
				TARGETED_DEVICE_FAMILY = "1,2";
				TEST_TARGET_NAME = V2EX_Demo;
			};
			name = Release;
		};
/* End XCBuildConfiguration section */

/* Begin XCConfigurationList section */
		A7AF995A2078993300E243E6 /* Build configuration list for PBXProject "V2EX_Demo" */ = {
			isa = XCConfigurationList;
			buildConfigurations = (
				A7AF99852078993300E243E6 /* Debug */,
				A7AF99862078993300E243E6 /* Release */,
			);
			defaultConfigurationIsVisible = 0;
			defaultConfigurationName = Release;
		};
		A7AF99872078993300E243E6 /* Build configuration list for PBXNativeTarget "V2EX_Demo" */ = {
			isa = XCConfigurationList;
			buildConfigurations = (
				A7AF99882078993300E243E6 /* Debug */,
				A7AF99892078993300E243E6 /* Release */,
			);
			defaultConfigurationIsVisible = 0;
			defaultConfigurationName = Release;
		};
		A7AF998A2078993300E243E6 /* Build configuration list for PBXNativeTarget "V2EX_DemoTests" */ = {
			isa = XCConfigurationList;
			buildConfigurations = (
				A7AF998B2078993300E243E6 /* Debug */,
				A7AF998C2078993300E243E6 /* Release */,
			);
			defaultConfigurationIsVisible = 0;
			defaultConfigurationName = Release;
		};
		A7AF998D2078993300E243E6 /* Build configuration list for PBXNativeTarget "V2EX_DemoUITests" */ = {
			isa = XCConfigurationList;
			buildConfigurations = (
				A7AF998E2078993300E243E6 /* Debug */,
				A7AF998F2078993300E243E6 /* Release */,
			);
			defaultConfigurationIsVisible = 0;
			defaultConfigurationName = Release;
		};
/* End XCConfigurationList section */
	};
	rootObject = A7AF99572078993300E243E6 /* Project object */;
}
