// !$*UTF8*$!
{
	archiveVersion = 1;
	classes = {
	};
	objectVersion = 48;
	objects = {

/* Begin PBXBuildFile section */
		A7AF99632078993300E243E6 /* AppDelegate.swift in Sources */ = {isa = PBXBuildFile; fileRef = A7AF99622078993300E243E6 /* AppDelegate.swift */; };
		A7AF99652078993300E243E6 /* ViewController.swift in Sources */ = {isa = PBXBuildFile; fileRef = A7AF99642078993300E243E6 /* ViewController.swift */; };
		A7AF99682078993300E243E6 /* Main.storyboard in Resources */ = {isa = PBXBuildFile; fileRef = A7AF99662078993300E243E6 /* Main.storyboard */; };
		A7AF996A2078993300E243E6 /* Assets.xcassets in Resources */ = {isa = PBXBuildFile; fileRef = A7AF99692078993300E243E6 /* Assets.xcassets */; };
		A7AF996D2078993300E243E6 /* LaunchScreen.storyboard in Resources */ = {isa = PBXBuildFile; fileRef = A7AF996B2078993300E243E6 /* LaunchScreen.storyboard */; };
		A7AF99782078993300E243E6 /* V2EX_DemoTests.swift in Sources */ = {isa = PBXBuildFile; fileRef = A7AF99772078993300E243E6 /* V2EX_DemoTests.swift */; };
		A7AF99832078993300E243E6 /* V2EX_DemoUITests.swift in Sources */ = {isa = PBXBuildFile; fileRef = A7AF99822078993300E243E6 /* V2EX_DemoUITests.swift */; };
		A7AF99912078996700E243E6 /* V2EXRequest.swift in Sources */ = {isa = PBXBuildFile; fileRef = A7AF99902078996700E243E6 /* V2EXRequest.swift */; };
		A7AF99932078A7F000E243E6 /* V2EXModel.swift in Sources */ = {isa = PBXBuildFile; fileRef = A7AF99922078A7F000E243E6 /* V2EXModel.swift */; };
/* End PBXBuildFile section */

/* Begin PBXContainerItemProxy section */
		A7AF99742078993300E243E6 /* PBXContainerItemProxy */ = {
			isa = PBXContainerItemProxy;
			containerPortal = A7AF99572078993300E243E6 /* Project object */;
			proxyType = 1;
			remoteGlobalIDString = A7AF995E2078993300E243E6;
			remoteInfo = V2EX_Demo;
		};
		A7AF997F2078993300E243E6 /* PBXContainerItemProxy */ = {
			isa = PBXContainerItemProxy;
			containerPortal = A7AF99572078993300E243E6 /* Project object */;
			proxyType = 1;
			remoteGlobalIDString = A7AF995E2078993300E243E6;
			remoteInfo = V2EX_Demo;
		};
/* End PBXContainerItemProxy section */

/* Begin PBXFileReference section */
		A7AF995F2078993300E243E6 /* V2EX_Demo.app */ = {isa = PBXFileReference; explicitFileType = wrapper.application; includeInIndex = 0; path = V2EX_Demo.app; sourceTree = BUILT_PRODUCTS_DIR; };
		A7AF99622078993300E243E6 /* AppDelegate.swift */ = {isa = PBXFileReference; lastKnownFileType = sourcecode.swift; path = AppDelegate.swift; sourceTree = "<group>"; };
		A7AF99642078993300E243E6 /* ViewController.swift */ = {isa = PBXFileReference; lastKnownFileType = sourcecode.swift; path = ViewController.swift; sourceTree = "<group>"; };
		A7AF99672078993300E243E6 /* Base */ = {isa = PBXFileReference; lastKnownFileType = file.storyboard; name = Base; path = Base.lproj/Main.storyboard; sourceTree = "<group>"; };
		A7AF99692078993300E243E6 /* Assets.xcassets */ = {isa = PBXFileReference; lastKnownFileType = folder.assetcatalog; path = Assets.xcassets; sourceTree = "<group>"; };
		A7AF996C2078993300E243E6 /* Base */ = {isa = PBXFileReference; lastKnownFileType = file.storyboard; name = Base; path = Base.lproj/LaunchScreen.storyboard; sourceTree = "<group>"; };
		A7AF996E2078993300E243E6 /* Info.plist */ = {isa = PBXFileReference; lastKnownFileType = text.plist.xml; path = Info.plist; sourceTree = "<group>"; };
		A7AF99732078993300E243E6 /* V2EX_DemoTests.xctest */ = {isa = PBXFileReference; explicitFileType = wrapper.cfbundle; includeInIndex = 0; path = V2EX_DemoTests.xctest; sourceTree = BUILT_PRODUCTS_DIR; };
		A7AF99772078993300E243E6 /* V2EX_DemoTests.swift */ = {isa = PBXFileReference; lastKnownFileType = sourcecode.swift; path = V2EX_DemoTests.swift; sourceTree = "<group>"; };
		A7AF99792078993300E243E6 /* Info.plist */ = {isa = PBXFileReference; lastKnownFileType = text.plist.xml; path = Info.plist; sourceTree = "<group>"; };
		A7AF997E2078993300E243E6 /* V2EX_DemoUITests.xctest */ = {isa = PBXFileReference; explicitFileType = wrapper.cfbundle; includeInIndex = 0; path = V2EX_DemoUITests.xctest; sourceTree = BUILT_PRODUCTS_DIR; };
		A7AF99822078993300E243E6 /* V2EX_DemoUITests.swift */ = {isa = PBXFileReference; lastKnownFileType = sourcecode.swift; path = V2EX_DemoUITests.swift; sourceTree = "<group>"; };
		A7AF99842078993300E243E6 /* Info.plist */ = {isa = PBXFileReference; lastKnownFileType = text.plist.xml; path = Info.plist; sourceTree = "<group>"; };
		A7AF99902078996700E243E6 /* V2EXRequest.swift */ = {isa = PBXFileReference; lastKnownFileType = sourcecode.swift; path = V2EXRequest.swift; sourceTree = "<group>"; };
		A7AF99922078A7F000E243E6 /* V2EXModel.swift */ = {isa = PBXFileReference; lastKnownFileType = sourcecode.swift; path = V2EXModel.swift; sourceTree = "<group>"; };
/* End PBXFileReference section */

/* Begin PBXFrameworksBuildPhase section */
		A7AF995C2078993300E243E6 /* Frameworks */ = {
			isa = PBXFrameworksBuildPhase;
			buildActionMask = 2147483647;
			files = (
			);
			runOnlyForDeploymentPostprocessing = 0;
		};
		A7AF99702078993300E243E6 /* Frameworks */ = {
			isa = PBXFrameworksBuildPhase;
			buildActionMask = 2147483647;
			files = (
			);
			runOnlyForDeploymentPostprocessing = 0;
		};
		A7AF997B2078993300E243E6 /* Frameworks */ = {
			isa = PBXFrameworksBuildPhase;
			buildActionMask = 2147483647;
			files = (
			);
			runOnlyForDeploymentPostprocessing = 0;
		};
/* End PBXFrameworksBuildPhase section */

/* Begin PBXGroup section */
		A7AF99562078993300E243E6 = {
			isa = PBXGroup;
			children = (
				A7AF99612078993300E243E6 /* V2EX_Demo */,
				A7AF99762078993300E243E6 /* V2EX_DemoTests */,
				A7AF99812078993300E243E6 /* V2EX_DemoUITests */,
				A7AF99602078993300E243E6 /* Products */,
			);
			sourceTree = "<group>";
		};
		A7AF99602078993300E243E6 /* Products */ = {
			isa = PBXGroup;
			children = (
				A7AF995F2078993300E243E6 /* V2EX_Demo.app */,
				A7AF99732078993300E243E6 /* V2EX_DemoTests.xctest */,
				A7AF997E2078993300E243E6 /* V2EX_DemoUITests.xctest */,
			);
			name = Products;
			sourceTree = "<group>";
		};
		A7AF99612078993300E243E6 /* V2EX_Demo */ = {
			isa = PBXGroup;
			children = (
				A7AF99622078993300E243E6 /* AppDelegate.swift */,
				A7AF99642078993300E243E6 /* ViewController.swift */,
				A7AF99902078996700E243E6 /* V2EXRequest.swift */,
				A7AF99922078A7F000E243E6 /* V2EXModel.swift */,
				A7AF99662078993300E243E6 /* Main.storyboard */,
				A7AF99692078993300E243E6 /* Assets.xcassets */,
				A7AF996B2078993300E243E6 /* LaunchScreen.storyboard */,
				A7AF996E2078993300E243E6 /* Info.plist */,
			);
			path = V2EX_Demo;
			sourceTree = "<group>";
		};
		A7AF99762078993300E243E6 /* V2EX_DemoTests */ = {
			isa = PBXGroup;
			children = (
				A7AF99772078993300E243E6 /* V2EX_DemoTests.swift */,
				A7AF99792078993300E243E6 /* Info.plist */,
			);
			path = V2EX_DemoTests;
			sourceTree = "<group>";
		};
		A7AF99812078993300E243E6 /* V2EX_DemoUITests */ = {
			isa = PBXGroup;
			children = (
				A7AF99822078993300E243E6 /* V2EX_DemoUITests.swift */,
				A7AF99842078993300E243E6 /* Info.plist */,
			);
			path = V2EX_DemoUITests;
			sourceTree = "<group>";
		};
/* End PBXGroup section */

/* Begin PBXNativeTarget section */
		A7AF995E2078993300E243E6 /* V2EX_Demo */ = {
			isa = PBXNativeTarget;
			buildConfigurationList = A7AF99872078993300E243E6 /* Build configuration list for PBXNativeTarget "V2EX_Demo" */;
			buildPhases = (
				A7AF995B2078993300E243E6 /* Sources */,
				A7AF995C2078993300E243E6 /* Frameworks */,
				A7AF995D2078993300E243E6 /* Resources */,
			);
			buildRules = (
			);
			dependencies = (
			);
			name = V2EX_Demo;
			productName = V2EX_Demo;
			productReference = A7AF995F2078993300E243E6 /* V2EX_Demo.app */;
			productType = "com.apple.product-type.application";
		};
		A7AF99722078993300E243E6 /* V2EX_DemoTests */ = {
			isa = PBXNativeTarget;
			buildConfigurationList = A7AF998A2078993300E243E6 /* Build configuration list for PBXNativeTarget "V2EX_DemoTests" */;
			buildPhases = (
				A7AF996F2078993300E243E6 /* Sources */,
				A7AF99702078993300E243E6 /* Frameworks */,
				A7AF99712078993300E243E6 /* Resources */,
			);
			buildRules = (
			);
			dependencies = (
				A7AF99752078993300E243E6 /* PBXTargetDependency */,
			);
			name = V2EX_DemoTests;
			productName = V2EX_DemoTests;
			productReference = A7AF99732078993300E243E6 /* V2EX_DemoTests.xctest */;
			productType = "com.apple.product-type.bundle.unit-test";
		};
		A7AF997D2078993300E243E6 /* V2EX_DemoUITests */ = {
			isa = PBXNativeTarget;
			buildConfigurationList = A7AF998D2078993300E243E6 /* Build configuration list for PBXNativeTarget "V2EX_DemoUITests" */;
			buildPhases = (
				A7AF997A2078993300E243E6 /* Sources */,
				A7AF997B2078993300E243E6 /* Frameworks */,
				A7AF997C2078993300E243E6 /* Resources */,
			);
			buildRules = (
			);
			dependencies = (
				A7AF99802078993300E243E6 /* PBXTargetDependency */,
			);
			name = V2EX_DemoUITests;
			productName = V2EX_DemoUITests;
			productReference = A7AF997E2078993300E243E6 /* V2EX_DemoUITests.xctest */;
			productType = "com.apple.product-type.bundle.ui-testing";
		};
/* End PBXNativeTarget section */

/* Begin PBXProject section */
		A7AF99572078993300E243E6 /* Project object */ = {
			isa = PBXProject;
			attributes = {
				LastSwiftUpdateCheck = 0920;
				LastUpgradeCheck = 0920;
				ORGANIZATIONNAME = vsKing;
				TargetAttributes = {
					A7AF995E2078993300E243E6 = {
						CreatedOnToolsVersion = 9.2;
						ProvisioningStyle = Automatic;
					};
					A7AF99722078993300E243E6 = {
						CreatedOnToolsVersion = 9.2;
						ProvisioningStyle = Automatic;
						TestTargetID = A7AF995E2078993300E243E6;
					};
					A7AF997D2078993300E243E6 = {
						CreatedOnToolsVersion = 9.2;
						ProvisioningStyle = Automatic;
						TestTargetID = A7AF995E2078993300E243E6;
					};
				};
			};
			buildConfigurationList = A7AF995A2078993300E243E6 /* Build configuration list for PBXProject "V2EX_Demo" */;
			compatibilityVersion = "Xcode 8.0";
			developmentRegion = en;
			hasScannedForEncodings = 0;
			knownRegions = (
				en,
				Base,
			);
			mainGroup = A7AF99562078993300E243E6;
			productRefGroup = A7AF99602078993300E243E6 /* Products */;
			projectDirPath = "";
			projectRoot = "";
			targets = (
				A7AF995E2078993300E243E6 /* V2EX_Demo */,
				A7AF99722078993300E243E6 /* V2EX_DemoTests */,
				A7AF997D2078993300E243E6 /* V2EX_DemoUITests */,
			);
		};
/* End PBXProject section */

/* Begin PBXResourcesBuildPhase section */
		A7AF995D2078993300E243E6 /* Resources */ = {
			isa = PBXResourcesBuildPhase;
			buildActionMask = 2147483647;
			files = (
				A7AF996D2078993300E243E6 /* LaunchScreen.storyboard in Resources */,
				A7AF996A2078993300E243E6 /* Assets.xcassets in Resources */,
				A7AF99682078993300E243E6 /* Main.storyboard in Resources */,
			);
			runOnlyForDeploymentPostprocessing = 0;
		};
		A7AF99712078993300E243E6 /* Resources */ = {
			isa = PBXResourcesBuildPhase;
			buildActionMask = 2147483647;
			files = (
			);
			runOnlyForDeploymentPostprocessing = 0;
		};
		A7AF997C2078993300E243E6 /* Resources */ = {
			isa = PBXResourcesBuildPhase;
			buildActionMask = 2147483647;
			files = (
			);
			runOnlyForDeploymentPostprocessing = 0;
		};
/* End PBXResourcesBuildPhase section */

/* Begin PBXSourcesBuildPhase section */
		A7AF995B2078993300E243E6 /* Sources */ = {
			isa = PBXSourcesBuildPhase;
			buildActionMask = 2147483647;
			files = (
				A7AF99932078A7F000E243E6 /* V2EXModel.swift in Sources */,
				A7AF99652078993300E243E6 /* ViewController.swift in Sources */,
				A7AF99632078993300E243E6 /* AppDelegate.swift in Sources */,
				A7AF99912078996700E243E6 /* V2EXRequest.swift in Sources */,
			);
			runOnlyForDeploymentPostprocessing = 0;
		};
		A7AF996F2078993300E243E6 /* Sources */ = {
			isa = PBXSourcesBuildPhase;
			buildActionMask = 2147483647;
			files = (
				A7AF99782078993300E243E6 /* V2EX_DemoTests.swift in Sources */,
			);
			runOnlyForDeploymentPostprocessing = 0;
		};
		A7AF997A2078993300E243E6 /* Sources */ = {
			isa = PBXSourcesBuildPhase;
			buildActionMask = 2147483647;
			files = (
				A7AF99832078993300E243E6 /* V2EX_DemoUITests.swift in Sources */,
			);
			runOnlyForDeploymentPostprocessing = 0;
		};
/* End PBXSourcesBuildPhase section */

/* Begin PBXTargetDependency section */
		A7AF99752078993300E243E6 /* PBXTargetDependency */ = {
			isa = PBXTargetDependency;
			target = A7AF995E2078993300E243E6 /* V2EX_Demo */;
			targetProxy = A7AF99742078993300E243E6 /* PBXContainerItemProxy */;
		};
		A7AF99802078993300E243E6 /* PBXTargetDependency */ = {
			isa = PBXTargetDependency;
			target = A7AF995E2078993300E243E6 /* V2EX_Demo */;
			targetProxy = A7AF997F2078993300E243E6 /* PBXContainerItemProxy */;
		};
/* End PBXTargetDependency section */

/* Begin PBXVariantGroup section */
		A7AF99662078993300E243E6 /* Main.storyboard */ = {
			isa = PBXVariantGroup;
			children = (
				A7AF99672078993300E243E6 /* Base */,
			);
			name = Main.storyboard;
			sourceTree = "<group>";
		};
		A7AF996B2078993300E243E6 /* LaunchScreen.storyboard */ = {
			isa = PBXVariantGroup;
			children = (
				A7AF996C2078993300E243E6 /* Base */,
			);
			name = LaunchScreen.storyboard;
			sourceTree = "<group>";
		};
/* End PBXVariantGroup section */

/* Begin XCBuildConfiguration section */
		A7AF99852078993300E243E6 /* Debug */ = {
			isa = XCBuildConfiguration;
			buildSettings = {
				ALWAYS_SEARCH_USER_PATHS = NO;
				CLANG_ANALYZER_NONNULL = YES;
				CLANG_ANALYZER_NUMBER_OBJECT_CONVERSION = YES_AGGRESSIVE;
				CLANG_CXX_LANGUAGE_STANDARD = "gnu++14";
				CLANG_CXX_LIBRARY = "libc++";
				CLANG_ENABLE_MODULES = YES;
				CLANG_ENABLE_OBJC_ARC = YES;
				CLANG_WARN_BLOCK_CAPTURE_AUTORELEASING = YES;
				CLANG_WARN_BOOL_CONVERSION = YES;
				CLANG_WARN_COMMA = YES;
				CLANG_WARN_CONSTANT_CONVERSION = YES;
				CLANG_WARN_DIRECT_OBJC_ISA_USAGE = YES_ERROR;
				CLANG_WARN_DOCUMENTATION_COMMENTS = YES;
				CLANG_WARN_EMPTY_BODY = YES;
				CLANG_WARN_ENUM_CONVERSION = YES;
				CLANG_WARN_INFINITE_RECURSION = YES;
				CLANG_WARN_INT_CONVERSION = YES;
				CLANG_WARN_NON_LITERAL_NULL_CONVERSION = YES;
				CLANG_WARN_OBJC_LITERAL_CONVERSION = YES;
				CLANG_WARN_OBJC_ROOT_CLASS = YES_ERROR;
				CLANG_WARN_RANGE_LOOP_ANALYSIS = YES;
				CLANG_WARN_STRICT_PROTOTYPES = YES;
				CLANG_WARN_SUSPICIOUS_MOVE = YES;
				CLANG_WARN_UNGUARDED_AVAILABILITY = YES_AGGRESSIVE;
				CLANG_WARN_UNREACHABLE_CODE = YES;
				CLANG_WARN__DUPLICATE_METHOD_MATCH = YES;
				CODE_SIGN_IDENTITY = "iPhone Developer";
				COPY_PHASE_STRIP = NO;
				DEBUG_INFORMATION_FORMAT = dwarf;
				ENABLE_STRICT_OBJC_MSGSEND = YES;
				ENABLE_TESTABILITY = YES;
				GCC_C_LANGUAGE_STANDARD = gnu11;
				GCC_DYNAMIC_NO_PIC = NO;
				GCC_NO_COMMON_BLOCKS = YES;
				GCC_OPTIMIZATION_LEVEL = 0;
				GCC_PREPROCESSOR_DEFINITIONS = (
					"DEBUG=1",
					"$(inherited)",
				);
				GCC_WARN_64_TO_32_BIT_CONVERSION = YES;
				GCC_WARN_ABOUT_RETURN_TYPE = YES_ERROR;
				GCC_WARN_UNDECLARED_SELECTOR = YES;
				GCC_WARN_UNINITIALIZED_AUTOS = YES_AGGRESSIVE;
				GCC_WARN_UNUSED_FUNCTION = YES;
				GCC_WARN_UNUSED_VARIABLE = YES;
				IPHONEOS_DEPLOYMENT_TARGET = 11.2;
				MTL_ENABLE_DEBUG_INFO = YES;
				ONLY_ACTIVE_ARCH = YES;
				SDKROOT = iphoneos;
				SWIFT_ACTIVE_COMPILATION_CONDITIONS = DEBUG;
				SWIFT_OPTIMIZATION_LEVEL = "-Onone";
			};
			name = Debug;
		};
		A7AF99862078993300E243E6 /* Release */ = {
			isa = XCBuildConfiguration;
			buildSettings = {
				ALWAYS_SEARCH_USER_PATHS = NO;
				CLANG_ANALYZER_NONNULL = YES;
				CLANG_ANALYZER_NUMBER_OBJECT_CONVERSION = YES_AGGRESSIVE;
				CLANG_CXX_LANGUAGE_STANDARD = "gnu++14";
				CLANG_CXX_LIBRARY = "libc++";
				CLANG_ENABLE_MODULES = YES;
				CLANG_ENABLE_OBJC_ARC = YES;
				CLANG_WARN_BLOCK_CAPTURE_AUTORELEASING = YES;
				CLANG_WARN_BOOL_CONVERSION = YES;
				CLANG_WARN_COMMA = YES;
				CLANG_WARN_CONSTANT_CONVERSION = YES;
				CLANG_WARN_DIRECT_OBJC_ISA_USAGE = YES_ERROR;
				CLANG_WARN_DOCUMENTATION_COMMENTS = YES;
				CLANG_WARN_EMPTY_BODY = YES;
				CLANG_WARN_ENUM_CONVERSION = YES;
				CLANG_WARN_INFINITE_RECURSION = YES;
				CLANG_WARN_INT_CONVERSION = YES;
				CLANG_WARN_NON_LITERAL_NULL_CONVERSION = YES;
				CLANG_WARN_OBJC_LITERAL_CONVERSION = YES;
				CLANG_WARN_OBJC_ROOT_CLASS = YES_ERROR;
				CLANG_WARN_RANGE_LOOP_ANALYSIS = YES;
				CLANG_WARN_STRICT_PROTOTYPES = YES;
				CLANG_WARN_SUSPICIOUS_MOVE = YES;
				CLANG_WARN_UNGUARDED_AVAILABILITY = YES_AGGRESSIVE;
				CLANG_WARN_UNREACHABLE_CODE = YES;
				CLANG_WARN__DUPLICATE_METHOD_MATCH = YES;
				CODE_SIGN_IDENTITY = "iPhone Developer";
				COPY_PHASE_STRIP = NO;
				DEBUG_INFORMATION_FORMAT = "dwarf-with-dsym";
				ENABLE_NS_ASSERTIONS = NO;
				ENABLE_STRICT_OBJC_MSGSEND = YES;
				GCC_C_LANGUAGE_STANDARD = gnu11;
				GCC_NO_COMMON_BLOCKS = YES;
				GCC_WARN_64_TO_32_BIT_CONVERSION = YES;
				GCC_WARN_ABOUT_RETURN_TYPE = YES_ERROR;
				GCC_WARN_UNDECLARED_SELECTOR = YES;
				GCC_WARN_UNINITIALIZED_AUTOS = YES_AGGRESSIVE;
				GCC_WARN_UNUSED_FUNCTION = YES;
				GCC_WARN_UNUSED_VARIABLE = YES;
				IPHONEOS_DEPLOYMENT_TARGET = 11.2;
				MTL_ENABLE_DEBUG_INFO = NO;
				SDKROOT = iphoneos;
				SWIFT_OPTIMIZATION_LEVEL = "-Owholemodule";
				VALIDATE_PRODUCT = YES;
			};
			name = Release;
		};
		A7AF99882078993300E243E6 /* Debug */ = {
			isa = XCBuildConfiguration;
			buildSettings = {
				ASSETCATALOG_COMPILER_APPICON_NAME = AppIcon;
				CODE_SIGN_STYLE = Automatic;
				DEVELOPMENT_TEAM = U54J3QSAHN;
				INFOPLIST_FILE = V2EX_Demo/Info.plist;
				LD_RUNPATH_SEARCH_PATHS = "$(inherited) @executable_path/Frameworks";
				PRODUCT_BUNDLE_IDENTIFIER = "cjl.V2EX-Demo";
				PRODUCT_NAME = "$(TARGET_NAME)";
				SWIFT_VERSION = 4.0;
				TARGETED_DEVICE_FAMILY = "1,2";
			};
			name = Debug;
		};
		A7AF99892078993300E243E6 /* Release */ = {
			isa = XCBuildConfiguration;
			buildSettings = {
				ASSETCATALOG_COMPILER_APPICON_NAME = AppIcon;
				CODE_SIGN_STYLE = Automatic;
				DEVELOPMENT_TEAM = U54J3QSAHN;
				INFOPLIST_FILE = V2EX_Demo/Info.plist;
				LD_RUNPATH_SEARCH_PATHS = "$(inherited) @executable_path/Frameworks";
				PRODUCT_BUNDLE_IDENTIFIER = "cjl.V2EX-Demo";
				PRODUCT_NAME = "$(TARGET_NAME)";
				SWIFT_VERSION = 4.0;
				TARGETED_DEVICE_FAMILY = "1,2";
			};
			name = Release;
		};
		A7AF998B2078993300E243E6 /* Debug */ = {
			isa = XCBuildConfiguration;
			buildSettings = {
				ALWAYS_EMBED_SWIFT_STANDARD_LIBRARIES = YES;
				BUNDLE_LOADER = "$(TEST_HOST)";
				CODE_SIGN_STYLE = Automatic;
				DEVELOPMENT_TEAM = U54J3QSAHN;
				INFOPLIST_FILE = V2EX_DemoTests/Info.plist;
				LD_RUNPATH_SEARCH_PATHS = "$(inherited) @executable_path/Frameworks @loader_path/Frameworks";
				PRODUCT_BUNDLE_IDENTIFIER = "cjl.V2EX-DemoTests";
				PRODUCT_NAME = "$(TARGET_NAME)";
				SWIFT_VERSION = 4.0;
				TARGETED_DEVICE_FAMILY = "1,2";
				TEST_HOST = "$(BUILT_PRODUCTS_DIR)/V2EX_Demo.app/V2EX_Demo";
			};
			name = Debug;
		};
		A7AF998C2078993300E243E6 /* Release */ = {
			isa = XCBuildConfiguration;
			buildSettings = {
				ALWAYS_EMBED_SWIFT_STANDARD_LIBRARIES = YES;
				BUNDLE_LOADER = "$(TEST_HOST)";
				CODE_SIGN_STYLE = Automatic;
				DEVELOPMENT_TEAM = U54J3QSAHN;
				INFOPLIST_FILE = V2EX_DemoTests/Info.plist;
				LD_RUNPATH_SEARCH_PATHS = "$(inherited) @executable_path/Frameworks @loader_path/Frameworks";
				PRODUCT_BUNDLE_IDENTIFIER = "cjl.V2EX-DemoTests";
				PRODUCT_NAME = "$(TARGET_NAME)";
				SWIFT_VERSION = 4.0;
				TARGETED_DEVICE_FAMILY = "1,2";
				TEST_HOST = "$(BUILT_PRODUCTS_DIR)/V2EX_Demo.app/V2EX_Demo";
			};
			name = Release;
		};
		A7AF998E2078993300E243E6 /* Debug */ = {
			isa = XCBuildConfiguration;
			buildSettings = {
				ALWAYS_EMBED_SWIFT_STANDARD_LIBRARIES = YES;
				CODE_SIGN_STYLE = Automatic;
				DEVELOPMENT_TEAM = U54J3QSAHN;
				INFOPLIST_FILE = V2EX_DemoUITests/Info.plist;
				LD_RUNPATH_SEARCH_PATHS = "$(inherited) @executable_path/Frameworks @loader_path/Frameworks";
				PRODUCT_BUNDLE_IDENTIFIER = "cjl.V2EX-DemoUITests";
				PRODUCT_NAME = "$(TARGET_NAME)";
				SWIFT_VERSION = 4.0;
				TARGETED_DEVICE_FAMILY = "1,2";
				TEST_TARGET_NAME = V2EX_Demo;
			};
			name = Debug;
		};
		A7AF998F2078993300E243E6 /* Release */ = {
			isa = XCBuildConfiguration;
			buildSettings = {
				ALWAYS_EMBED_SWIFT_STANDARD_LIBRARIES = YES;
				CODE_SIGN_STYLE = Automatic;
				DEVELOPMENT_TEAM = U54J3QSAHN;
				INFOPLIST_FILE = V2EX_DemoUITests/Info.plist;
				LD_RUNPATH_SEARCH_PATHS = "$(inherited) @executable_path/Frameworks @loader_path/Frameworks";
				PRODUCT_BUNDLE_IDENTIFIER = "cjl.V2EX-DemoUITests";
				PRODUCT_NAME = "$(TARGET_NAME)";
				SWIFT_VERSION = 4.0;
				TARGETED_DEVICE_FAMILY = "1,2";
				TEST_TARGET_NAME = V2EX_Demo;
			};
			name = Release;
		};
/* End XCBuildConfiguration section */

/* Begin XCConfigurationList section */
		A7AF995A2078993300E243E6 /* Build configuration list for PBXProject "V2EX_Demo" */ = {
			isa = XCConfigurationList;
			buildConfigurations = (
				A7AF99852078993300E243E6 /* Debug */,
				A7AF99862078993300E243E6 /* Release */,
			);
			defaultConfigurationIsVisible = 0;
			defaultConfigurationName = Release;
		};
		A7AF99872078993300E243E6 /* Build configuration list for PBXNativeTarget "V2EX_Demo" */ = {
			isa = XCConfigurationList;
			buildConfigurations = (
				A7AF99882078993300E243E6 /* Debug */,
				A7AF99892078993300E243E6 /* Release */,
			);
			defaultConfigurationIsVisible = 0;
			defaultConfigurationName = Release;
		};
		A7AF998A2078993300E243E6 /* Build configuration list for PBXNativeTarget "V2EX_DemoTests" */ = {
			isa = XCConfigurationList;
			buildConfigurations = (
				A7AF998B2078993300E243E6 /* Debug */,
				A7AF998C2078993300E243E6 /* Release */,
			);
			defaultConfigurationIsVisible = 0;
			defaultConfigurationName = Release;
		};
		A7AF998D2078993300E243E6 /* Build configuration list for PBXNativeTarget "V2EX_DemoUITests" */ = {
			isa = XCConfigurationList;
			buildConfigurations = (
				A7AF998E2078993300E243E6 /* Debug */,
				A7AF998F2078993300E243E6 /* Release */,
			);
			defaultConfigurationIsVisible = 0;
			defaultConfigurationName = Release;
		};
/* End XCConfigurationList section */
	};
	rootObject = A7AF99572078993300E243E6 /* Project object */;
}
